
Microsoft Visual Studio Solution File, Format Version 12.00
# Visual Studio Version 16
VisualStudioVersion = 16.0.29102.190
MinimumVisualStudioVersion = 10.0.40219.1
Project("{FAE04EC0-301F-11D3-BF4B-00C04F79EFBC}") = "Resturant", "Resturant.csproj", "{54A4B5D0-6279-4D8C-BB32-E048A61F0085}"
EndProject
Global
	GlobalSection(SolutionConfigurationPlatforms) = preSolution
		Debug|Any CPU = Debug|Any CPU
		Release|Any CPU = Release|Any CPU
	EndGlobalSection
	GlobalSection(ProjectConfigurationPlatforms) = postSolution
		{54A4B5D0-6279-4D8C-BB32-E048A61F0085}.Debug|Any CPU.ActiveCfg = Debug|Any CPU
		{54A4B5D0-6279-4D8C-BB32-E048A61F0085}.Debug|Any CPU.Build.0 = Debug|Any CPU
		{54A4B5D0-6279-4D8C-BB32-E048A61F0085}.Release|Any CPU.ActiveCfg = Release|Any CPU
		{54A4B5D0-6279-4D8C-BB32-E048A61F0085}.Release|Any CPU.Build.0 = Release|Any CPU
	EndGlobalSection
	GlobalSection(SolutionProperties) = preSolution
		HideSolutionNode = FALSE
	EndGlobalSection
	GlobalSection(ExtensibilityGlobals) = postSolution
		SolutionGuid = {D1FA3415-AFED-4E6E-AF6C-B04C9D59E3BC}
	EndGlobalSection
EndGlobal
